
Microsoft Visual Studio Solution File, Format Version 12.00
# Visual Studio Version 17
VisualStudioVersion = 17.3.32825.248
MinimumVisualStudioVersion = 10.0.40219.1
Project("{FAE04EC0-301F-11D3-BF4B-00C04F79EFBC}") = "WindowsFormsApp6", "WindowsFormsApp6\WindowsFormsApp6.csproj", "{49EC2E14-A12B-4DEE-9EFA-A672CF79D7EC}"
EndProject
Project("{FAE04EC0-301F-11D3-BF4B-00C04F79EFBC}") = "WindowsFormsControlLibrary1", "WindowsFormsControlLibrary1\WindowsFormsControlLibrary1.csproj", "{8DE14E79-4EDC-4A69-AA7D-14A16F26D76C}"
EndProject
Global
	GlobalSection(SolutionConfigurationPlatforms) = preSolution
		Debug|Any CPU = Debug|Any CPU
		Release|Any CPU = Release|Any CPU
	EndGlobalSection
	GlobalSection(ProjectConfigurationPlatforms) = postSolution
		{49EC2E14-A12B-4DEE-9EFA-A672CF79D7EC}.Debug|Any CPU.ActiveCfg = Debug|Any CPU
		{49EC2E14-A12B-4DEE-9EFA-A672CF79D7EC}.Debug|Any CPU.Build.0 = Debug|Any CPU
		{49EC2E14-A12B-4DEE-9EFA-A672CF79D7EC}.Release|Any CPU.ActiveCfg = Release|Any CPU
		{49EC2E14-A12B-4DEE-9EFA-A672CF79D7EC}.Release|Any CPU.Build.0 = Release|Any CPU
		{8DE14E79-4EDC-4A69-AA7D-14A16F26D76C}.Debug|Any CPU.ActiveCfg = Debug|Any CPU
		{8DE14E79-4EDC-4A69-AA7D-14A16F26D76C}.Debug|Any CPU.Build.0 = Debug|Any CPU
		{8DE14E79-4EDC-4A69-AA7D-14A16F26D76C}.Release|Any CPU.ActiveCfg = Release|Any CPU
		{8DE14E79-4EDC-4A69-AA7D-14A16F26D76C}.Release|Any CPU.Build.0 = Release|Any CPU
	EndGlobalSection
	GlobalSection(SolutionProperties) = preSolution
		HideSolutionNode = FALSE
	EndGlobalSection
	GlobalSection(ExtensibilityGlobals) = postSolution
		SolutionGuid = {44DA723C-C472-483B-AB56-DCE548627AAD}
	EndGlobalSection
EndGlobal
